
Microsoft Visual Studio Solution File, Format Version 12.00
# Visual Studio 15
VisualStudioVersion = 15.0.27428.2015
MinimumVisualStudioVersion = 10.0.40219.1
Project("{FAE04EC0-301F-11D3-BF4B-00C04F79EFBC}") = "KPI.Code", "KPI.Code\KPI.Code.csproj", "{A23199C4-A688-43FB-986D-D3337C42620F}"
EndProject
Project("{FAE04EC0-301F-11D3-BF4B-00C04F79EFBC}") = "KPI.Data", "KPI.Data\KPI.Data.csproj", "{62579B3D-4B7E-4996-80E2-DC9611CE9EAA}"
EndProject
Project("{FAE04EC0-301F-11D3-BF4B-00C04F79EFBC}") = "KPI.Domain", "KPI.Domain\KPI.Domain.csproj", "{1A4E7BD3-B3E3-4308-8CD3-40D52D5F9CE0}"
EndProject
Project("{FAE04EC0-301F-11D3-BF4B-00C04F79EFBC}") = "KPI.Mapping", "KPI.Mapping\KPI.Mapping.csproj", "{0EA3119D-91B3-422F-ABDA-8AB6746FC936}"
EndProject
Project("{FAE04EC0-301F-11D3-BF4B-00C04F79EFBC}") = "KPI.Application", "KPI.Application\KPI.Application.csproj", "{AD181AAA-41B1-4221-B0CD-52BAA357BF3F}"
EndProject
Project("{FAE04EC0-301F-11D3-BF4B-00C04F79EFBC}") = "KPI.Repository", "KPI.Repository\KPI.Repository.csproj", "{48627B2E-2EA1-4992-9394-41DEFB7DDC9F}"
EndProject
Project("{FAE04EC0-301F-11D3-BF4B-00C04F79EFBC}") = "KPI.Web", "KPI.Web\KPI.Web.csproj", "{BEF1F2C9-1903-4AC4-93BD-08452BFA37A3}"
EndProject
Global
	GlobalSection(SolutionConfigurationPlatforms) = preSolution
		Debug|Any CPU = Debug|Any CPU
		Debug|x64 = Debug|x64
		Debug|x86 = Debug|x86
		Release|Any CPU = Release|Any CPU
		Release|x64 = Release|x64
		Release|x86 = Release|x86
	EndGlobalSection
	GlobalSection(ProjectConfigurationPlatforms) = postSolution
		{A23199C4-A688-43FB-986D-D3337C42620F}.Debug|Any CPU.ActiveCfg = Debug|Any CPU
		{A23199C4-A688-43FB-986D-D3337C42620F}.Debug|Any CPU.Build.0 = Debug|Any CPU
		{A23199C4-A688-43FB-986D-D3337C42620F}.Debug|x64.ActiveCfg = Debug|x64
		{A23199C4-A688-43FB-986D-D3337C42620F}.Debug|x64.Build.0 = Debug|x64
		{A23199C4-A688-43FB-986D-D3337C42620F}.Debug|x86.ActiveCfg = Debug|x86
		{A23199C4-A688-43FB-986D-D3337C42620F}.Debug|x86.Build.0 = Debug|x86
		{A23199C4-A688-43FB-986D-D3337C42620F}.Release|Any CPU.ActiveCfg = Release|Any CPU
		{A23199C4-A688-43FB-986D-D3337C42620F}.Release|Any CPU.Build.0 = Release|Any CPU
		{A23199C4-A688-43FB-986D-D3337C42620F}.Release|x64.ActiveCfg = Release|x64
		{A23199C4-A688-43FB-986D-D3337C42620F}.Release|x64.Build.0 = Release|x64
		{A23199C4-A688-43FB-986D-D3337C42620F}.Release|x86.ActiveCfg = Release|x86
		{A23199C4-A688-43FB-986D-D3337C42620F}.Release|x86.Build.0 = Release|x86
		{62579B3D-4B7E-4996-80E2-DC9611CE9EAA}.Debug|Any CPU.ActiveCfg = Debug|Any CPU
		{62579B3D-4B7E-4996-80E2-DC9611CE9EAA}.Debug|Any CPU.Build.0 = Debug|Any CPU
		{62579B3D-4B7E-4996-80E2-DC9611CE9EAA}.Debug|x64.ActiveCfg = Debug|x64
		{62579B3D-4B7E-4996-80E2-DC9611CE9EAA}.Debug|x64.Build.0 = Debug|x64
		{62579B3D-4B7E-4996-80E2-DC9611CE9EAA}.Debug|x86.ActiveCfg = Debug|x86
		{62579B3D-4B7E-4996-80E2-DC9611CE9EAA}.Debug|x86.Build.0 = Debug|x86
		{62579B3D-4B7E-4996-80E2-DC9611CE9EAA}.Release|Any CPU.ActiveCfg = Release|Any CPU
		{62579B3D-4B7E-4996-80E2-DC9611CE9EAA}.Release|Any CPU.Build.0 = Release|Any CPU
		{62579B3D-4B7E-4996-80E2-DC9611CE9EAA}.Release|x64.ActiveCfg = Release|x64
		{62579B3D-4B7E-4996-80E2-DC9611CE9EAA}.Release|x64.Build.0 = Release|x64
		{62579B3D-4B7E-4996-80E2-DC9611CE9EAA}.Release|x86.ActiveCfg = Release|x86
		{62579B3D-4B7E-4996-80E2-DC9611CE9EAA}.Release|x86.Build.0 = Release|x86
		{1A4E7BD3-B3E3-4308-8CD3-40D52D5F9CE0}.Debug|Any CPU.ActiveCfg = Debug|Any CPU
		{1A4E7BD3-B3E3-4308-8CD3-40D52D5F9CE0}.Debug|Any CPU.Build.0 = Debug|Any CPU
		{1A4E7BD3-B3E3-4308-8CD3-40D52D5F9CE0}.Debug|x64.ActiveCfg = Debug|x64
		{1A4E7BD3-B3E3-4308-8CD3-40D52D5F9CE0}.Debug|x64.Build.0 = Debug|x64
		{1A4E7BD3-B3E3-4308-8CD3-40D52D5F9CE0}.Debug|x86.ActiveCfg = Debug|x86
		{1A4E7BD3-B3E3-4308-8CD3-40D52D5F9CE0}.Debug|x86.Build.0 = Debug|x86
		{1A4E7BD3-B3E3-4308-8CD3-40D52D5F9CE0}.Release|Any CPU.ActiveCfg = Release|Any CPU
		{1A4E7BD3-B3E3-4308-8CD3-40D52D5F9CE0}.Release|Any CPU.Build.0 = Release|Any CPU
		{1A4E7BD3-B3E3-4308-8CD3-40D52D5F9CE0}.Release|x64.ActiveCfg = Release|x64
		{1A4E7BD3-B3E3-4308-8CD3-40D52D5F9CE0}.Release|x64.Build.0 = Release|x64
		{1A4E7BD3-B3E3-4308-8CD3-40D52D5F9CE0}.Release|x86.ActiveCfg = Release|x86
		{1A4E7BD3-B3E3-4308-8CD3-40D52D5F9CE0}.Release|x86.Build.0 = Release|x86
		{0EA3119D-91B3-422F-ABDA-8AB6746FC936}.Debug|Any CPU.ActiveCfg = Debug|Any CPU
		{0EA3119D-91B3-422F-ABDA-8AB6746FC936}.Debug|Any CPU.Build.0 = Debug|Any CPU
		{0EA3119D-91B3-422F-ABDA-8AB6746FC936}.Debug|x64.ActiveCfg = Debug|x64
		{0EA3119D-91B3-422F-ABDA-8AB6746FC936}.Debug|x64.Build.0 = Debug|x64
		{0EA3119D-91B3-422F-ABDA-8AB6746FC936}.Debug|x86.ActiveCfg = Debug|x86
		{0EA3119D-91B3-422F-ABDA-8AB6746FC936}.Debug|x86.Build.0 = Debug|x86
		{0EA3119D-91B3-422F-ABDA-8AB6746FC936}.Release|Any CPU.ActiveCfg = Release|Any CPU
		{0EA3119D-91B3-422F-ABDA-8AB6746FC936}.Release|Any CPU.Build.0 = Release|Any CPU
		{0EA3119D-91B3-422F-ABDA-8AB6746FC936}.Release|x64.ActiveCfg = Release|x64
		{0EA3119D-91B3-422F-ABDA-8AB6746FC936}.Release|x64.Build.0 = Release|x64
		{0EA3119D-91B3-422F-ABDA-8AB6746FC936}.Release|x86.ActiveCfg = Release|x86
		{0EA3119D-91B3-422F-ABDA-8AB6746FC936}.Release|x86.Build.0 = Release|x86
		{AD181AAA-41B1-4221-B0CD-52BAA357BF3F}.Debug|Any CPU.ActiveCfg = Debug|Any CPU
		{AD181AAA-41B1-4221-B0CD-52BAA357BF3F}.Debug|Any CPU.Build.0 = Debug|Any CPU
		{AD181AAA-41B1-4221-B0CD-52BAA357BF3F}.Debug|x64.ActiveCfg = Debug|x64
		{AD181AAA-41B1-4221-B0CD-52BAA357BF3F}.Debug|x64.Build.0 = Debug|x64
		{AD181AAA-41B1-4221-B0CD-52BAA357BF3F}.Debug|x86.ActiveCfg = Debug|x86
		{AD181AAA-41B1-4221-B0CD-52BAA357BF3F}.Debug|x86.Build.0 = Debug|x86
		{AD181AAA-41B1-4221-B0CD-52BAA357BF3F}.Release|Any CPU.ActiveCfg = Release|Any CPU
		{AD181AAA-41B1-4221-B0CD-52BAA357BF3F}.Release|Any CPU.Build.0 = Release|Any CPU
		{AD181AAA-41B1-4221-B0CD-52BAA357BF3F}.Release|x64.ActiveCfg = Release|x64
		{AD181AAA-41B1-4221-B0CD-52BAA357BF3F}.Release|x64.Build.0 = Release|x64
		{AD181AAA-41B1-4221-B0CD-52BAA357BF3F}.Release|x86.ActiveCfg = Release|x86
		{AD181AAA-41B1-4221-B0CD-52BAA357BF3F}.Release|x86.Build.0 = Release|x86
		{48627B2E-2EA1-4992-9394-41DEFB7DDC9F}.Debug|Any CPU.ActiveCfg = Debug|Any CPU
		{48627B2E-2EA1-4992-9394-41DEFB7DDC9F}.Debug|Any CPU.Build.0 = Debug|Any CPU
		{48627B2E-2EA1-4992-9394-41DEFB7DDC9F}.Debug|x64.ActiveCfg = Debug|x64
		{48627B2E-2EA1-4992-9394-41DEFB7DDC9F}.Debug|x64.Build.0 = Debug|x64
		{48627B2E-2EA1-4992-9394-41DEFB7DDC9F}.Debug|x86.ActiveCfg = Debug|x86
		{48627B2E-2EA1-4992-9394-41DEFB7DDC9F}.Debug|x86.Build.0 = Debug|x86
		{48627B2E-2EA1-4992-9394-41DEFB7DDC9F}.Release|Any CPU.ActiveCfg = Release|Any CPU
		{48627B2E-2EA1-4992-9394-41DEFB7DDC9F}.Release|Any CPU.Build.0 = Release|Any CPU
		{48627B2E-2EA1-4992-9394-41DEFB7DDC9F}.Release|x64.ActiveCfg = Release|x64
		{48627B2E-2EA1-4992-9394-41DEFB7DDC9F}.Release|x64.Build.0 = Release|x64
		{48627B2E-2EA1-4992-9394-41DEFB7DDC9F}.Release|x86.ActiveCfg = Release|x86
		{48627B2E-2EA1-4992-9394-41DEFB7DDC9F}.Release|x86.Build.0 = Release|x86
		{BEF1F2C9-1903-4AC4-93BD-08452BFA37A3}.Debug|Any CPU.ActiveCfg = Debug|Any CPU
		{BEF1F2C9-1903-4AC4-93BD-08452BFA37A3}.Debug|Any CPU.Build.0 = Debug|Any CPU
		{BEF1F2C9-1903-4AC4-93BD-08452BFA37A3}.Debug|x64.ActiveCfg = Debug|x64
		{BEF1F2C9-1903-4AC4-93BD-08452BFA37A3}.Debug|x64.Build.0 = Debug|x64
		{BEF1F2C9-1903-4AC4-93BD-08452BFA37A3}.Debug|x86.ActiveCfg = Debug|x86
		{BEF1F2C9-1903-4AC4-93BD-08452BFA37A3}.Debug|x86.Build.0 = Debug|x86
		{BEF1F2C9-1903-4AC4-93BD-08452BFA37A3}.Release|Any CPU.ActiveCfg = Release|Any CPU
		{BEF1F2C9-1903-4AC4-93BD-08452BFA37A3}.Release|Any CPU.Build.0 = Release|Any CPU
		{BEF1F2C9-1903-4AC4-93BD-08452BFA37A3}.Release|x64.ActiveCfg = Release|x64
		{BEF1F2C9-1903-4AC4-93BD-08452BFA37A3}.Release|x64.Build.0 = Release|x64
		{BEF1F2C9-1903-4AC4-93BD-08452BFA37A3}.Release|x86.ActiveCfg = Release|x86
		{BEF1F2C9-1903-4AC4-93BD-08452BFA37A3}.Release|x86.Build.0 = Release|x86
	EndGlobalSection
	GlobalSection(SolutionProperties) = preSolution
		HideSolutionNode = FALSE
	EndGlobalSection
	GlobalSection(ExtensibilityGlobals) = postSolution
		SolutionGuid = {B1588C83-94DC-4FFE-87A4-A0D638F5F42C}
	EndGlobalSection
EndGlobal
